{
  "version": 4,
  "terraform_version": "1.4.6",
  "serial": 13,
  "lineage": "a2a11c7d-e066-a715-cef0-040808a0d76e",
  "outputs": {},
  "resources": [
    {
      "mode": "managed",
      "type": "google_container_cluster",
      "name": "demo",
      "provider": "provider[\"registry.terraform.io/hashicorp/google\"]",
      "instances": [
        {
          "schema_version": 1,
          "attributes": {
            "addons_config": [
              {
                "cloudrun_config": [],
                "config_connector_config": [],
                "dns_cache_config": [],
                "gce_persistent_disk_csi_driver_config": [
                  {
                    "enabled": true
                  }
                ],
                "gcp_filestore_csi_driver_config": [],
                "gke_backup_agent_config": [],
                "horizontal_pod_autoscaling": [],
                "http_load_balancing": [],
                "network_policy_config": [
                  {
                    "disabled": true
                  }
                ]
              }
            ],
            "authenticator_groups_config": [],
            "binary_authorization": [
              {
                "enabled": false,
                "evaluation_mode": ""
              }
            ],
            "cluster_autoscaling": [
              {
                "auto_provisioning_defaults": [],
                "enabled": false,
                "resource_limits": []
              }
            ],
            "cluster_ipv4_cidr": "10.48.0.0/14",
            "confidential_nodes": [],
            "cost_management_config": [],
            "database_encryption": [
              {
                "key_name": "",
                "state": "DECRYPTED"
              }
            ],
            "datapath_provider": "",
            "default_max_pods_per_node": null,
            "default_snat_status": [
              {
                "disabled": false
              }
            ],
            "description": "",
            "dns_config": [],
            "enable_autopilot": false,
            "enable_binary_authorization": false,
            "enable_intranode_visibility": false,
            "enable_kubernetes_alpha": false,
            "enable_l4_ilb_subsetting": false,
            "enable_legacy_abac": false,
            "enable_shielded_nodes": true,
            "enable_tpu": false,
            "endpoint": "34.136.66.214",
            "gateway_api_config": [],
            "id": "projects/durable-spot-386111/locations/us-central1-c/clusters/demo",
            "initial_node_count": 1,
            "ip_allocation_policy": [],
            "label_fingerprint": "a9dc16a7",
            "location": "us-central1-c",
            "logging_config": [
              {
                "enable_components": [
                  "SYSTEM_COMPONENTS",
                  "WORKLOADS"
                ]
              }
            ],
            "logging_service": "logging.googleapis.com/kubernetes",
            "maintenance_policy": [],
            "master_auth": [
              {
                "client_certificate": "",
                "client_certificate_config": [
                  {
                    "issue_client_certificate": false
                  }
                ],
                "client_key": "",
                "cluster_ca_certificate": "LS0tLS1CRUdJTiBDRVJUSUZJQ0FURS0tLS0tCk1JSUVMRENDQXBTZ0F3SUJBZ0lRYmNydDNqYk1OenF5Rk5EeUo5NGExREFOQmdrcWhraUc5dzBCQVFzRkFEQXYKTVMwd0t3WURWUVFERXlSaU9XRmhNMkZoTWkxbE5qSXlMVFF5WkRjdFlqbGxNaTFpWXpjeVpqTmlPVEEyTURrdwpJQmNOTWpNd05qQTRNRGt5TkRVeFdoZ1BNakExTXpBMU16RXhNREkwTlRGYU1DOHhMVEFyQmdOVkJBTVRKR0k1CllXRXpZV0V5TFdVMk1qSXROREprTnkxaU9XVXlMV0pqTnpKbU0ySTVNRFl3T1RDQ0FhSXdEUVlKS29aSWh2Y04KQVFFQkJRQURnZ0dQQURDQ0FZb0NnZ0dCQUppcHUwQW9semQrUDhMZGdnSjQxUjJUZmdjMCsrbUd3elFEckNtaApRSmlmaCttZDRzakowbDhqc1hLRzhWSDV3Q2x5aGVjSUQrVkMvOUtZNFJKc0dySVN4cUtrWE1YTG42aVRGU0NMClRDQ3UzMThKMkxsUWZ0djlDME94dERoV0tDZ3lsdTB5WXhPR01IV1czZnpDSTROV0FXSVFjYUUwMXlneVVXVFIKak5wdnJ4UW1SMVdwdFFROW1JUWZwU2RrTE9mcGFGM3NxNDhuUHVxUFBOT2pjVC8vd0ZoUkh3aFlRWjBoTnZzbApCbS9vaGlXcmVZR1QvVFU2WEdzWndKb1Q4TWt1RFYzUW1nYVRUSlpTdGp2Z1dZcXF3YWIrVFpWSUQzTTY4UVdlCi8vSWZVbE9yb0lIR29veUNNS3BKOVpBVnlNTEREbFV0SU5QdXQzVUZyamo1SmxFUWhGVDRKeGFLaFhUUElZd1MKd3BZdHR3U25FK2puVGgrVjlpditoTlVtNjRhQzNIZVpLZWd0ZFZqWGNGSVdETm1BUU1MRGlJcGtvTDJtdjFZMwozSW55cEM2R1RmbVYzU1JGaUJjemZlQkRtcktBZlB3SG1DamZMMHhuaHNDcDNzOHhSb0Z0STlRTnBaWS9IcjZaCkJXMFg0U3czYzU1anZJaHVkSUhHWFlhUVlRSURBUUFCbzBJd1FEQU9CZ05WSFE4QkFmOEVCQU1DQWdRd0R3WUQKVlIwVEFRSC9CQVV3QXdFQi96QWRCZ05WSFE0RUZnUVVzMkZLUVIrOGd4QVNjdlNmV1I2RzB0MlE5dlV3RFFZSgpLb1pJaHZjTkFRRUxCUUFEZ2dHQkFENjdJYW1mUUlvUHg5dFpWS0VWeUg4NnVuWGp3MHhHUk5uVm1Id3o3bDU3CnAvaUZUT2hISUcydWduT0h2dCtyYnZuVmxoUG5XNGdmSi9pcVFLbHBuZW5XM3JxcStHMFJSKzRoMDhFcmFWd2IKSXlPVVl6Y0hQTC9OMUJvc2tpbmswTWJOTzRaMFNVQ3hwcm8yL0dYOVVtTGxuY3NxbVVoWVhheXlrbkdnbzhLTApoaVQ1NG9MV05rWFBFMEJuenhMRFQrZ0hVQTVkRDBTR2ZSdUI4VmlIeUtNY2hlaFp2MHdLY2xXRlJ1aThKeENiCk81YXoyUUJSVFVZOHdkajcyQy9nR3ZHdEtaVGZkUDZsaU5MeUU0QW1pWm02ZlJoSDM5aDNOemV6YUxUUTJHdEsKdHlSN0VLN3pYQjBaUTMybEFvcjIwV3hsNGU1SnZYSlloSC9RdkJFWWkyc21saTUreURVS1RPV0ZJQ3EyQW55aApaRk03c0loMEp6UTVvelZqazdud3hvRytDd09sZktiOUJOTUg5b25JSURLdCtKZnkyVFJMUmVjNVVTQjQ2SlUwCjBBbGV6UnFmUzZ6cC9QZGNjazdWeEQ3R01VbHA5RlloOVNRT1VZaE96bVRpd2VadVNlQ0FqNFoyY09QL0ZYRjkKM2JxU2t4ajFydmVKSnhFLzg1Zm1IZz09Ci0tLS0tRU5EIENFUlRJRklDQVRFLS0tLS0K"
              }
            ],
            "master_authorized_networks_config": [],
            "master_version": "1.25.8-gke.500",
            "mesh_certificates": [],
            "min_master_version": null,
            "monitoring_config": [
              {
                "enable_components": [
                  "SYSTEM_COMPONENTS"
                ],
                "managed_prometheus": []
              }
            ],
            "monitoring_service": "monitoring.googleapis.com/kubernetes",
            "name": "demo",
            "network": "projects/durable-spot-386111/global/networks/default",
            "network_policy": [
              {
                "enabled": false,
                "provider": "PROVIDER_UNSPECIFIED"
              }
            ],
            "networking_mode": "ROUTES",
            "node_config": [
              {
                "boot_disk_kms_key": "",
                "disk_size_gb": 100,
                "disk_type": "pd-balanced",
                "gcfs_config": [],
                "guest_accelerator": [],
                "gvnic": [],
                "image_type": "COS_CONTAINERD",
                "kubelet_config": [],
                "labels": {},
                "linux_node_config": [],
                "local_ssd_count": 0,
                "logging_variant": "DEFAULT",
                "machine_type": "g1-small",
                "metadata": {
                  "disable-legacy-endpoints": "true"
                },
                "min_cpu_platform": "",
                "node_group": "",
                "oauth_scopes": [
                  "https://www.googleapis.com/auth/devstorage.read_only",
                  "https://www.googleapis.com/auth/logging.write",
                  "https://www.googleapis.com/auth/monitoring",
                  "https://www.googleapis.com/auth/service.management.readonly",
                  "https://www.googleapis.com/auth/servicecontrol",
                  "https://www.googleapis.com/auth/trace.append"
                ],
                "preemptible": false,
                "reservation_affinity": [],
                "resource_labels": {},
                "service_account": "default",
                "shielded_instance_config": [
                  {
                    "enable_integrity_monitoring": true,
                    "enable_secure_boot": false
                  }
                ],
                "spot": false,
                "tags": [],
                "taint": [],
                "workload_metadata_config": []
              }
            ],
            "node_locations": [],
            "node_pool": [
              {
                "autoscaling": [],
                "initial_node_count": 2,
                "instance_group_urls": [
                  "https://www.googleapis.com/compute/v1/projects/durable-spot-386111/zones/us-central1-c/instanceGroupManagers/gke-demo-main-5fd57f04-grp"
                ],
                "managed_instance_group_urls": [
                  "https://www.googleapis.com/compute/v1/projects/durable-spot-386111/zones/us-central1-c/instanceGroups/gke-demo-main-5fd57f04-grp"
                ],
                "management": [
                  {
                    "auto_repair": true,
                    "auto_upgrade": true
                  }
                ],
                "max_pods_per_node": 0,
                "name": "main",
                "name_prefix": "",
                "network_config": [
                  {
                    "create_pod_range": false,
                    "enable_private_nodes": false,
                    "pod_ipv4_cidr_block": "",
                    "pod_range": ""
                  }
                ],
                "node_config": [
                  {
                    "boot_disk_kms_key": "",
                    "disk_size_gb": 100,
                    "disk_type": "pd-balanced",
                    "gcfs_config": [],
                    "guest_accelerator": [],
                    "gvnic": [],
                    "image_type": "COS_CONTAINERD",
                    "kubelet_config": [],
                    "labels": {},
                    "linux_node_config": [],
                    "local_ssd_count": 0,
                    "logging_variant": "DEFAULT",
                    "machine_type": "g1-small",
                    "metadata": {
                      "disable-legacy-endpoints": "true"
                    },
                    "min_cpu_platform": "",
                    "node_group": "",
                    "oauth_scopes": [
                      "https://www.googleapis.com/auth/devstorage.read_only",
                      "https://www.googleapis.com/auth/logging.write",
                      "https://www.googleapis.com/auth/monitoring",
                      "https://www.googleapis.com/auth/service.management.readonly",
                      "https://www.googleapis.com/auth/servicecontrol",
                      "https://www.googleapis.com/auth/trace.append"
                    ],
                    "preemptible": false,
                    "reservation_affinity": [],
                    "resource_labels": {},
                    "service_account": "default",
                    "shielded_instance_config": [
                      {
                        "enable_integrity_monitoring": true,
                        "enable_secure_boot": false
                      }
                    ],
                    "spot": false,
                    "tags": [],
                    "taint": [],
                    "workload_metadata_config": []
                  }
                ],
                "node_count": 2,
                "node_locations": [
                  "us-central1-c"
                ],
                "placement_policy": [],
                "upgrade_settings": [
                  {
                    "blue_green_settings": [],
                    "max_surge": 1,
                    "max_unavailable": 0,
                    "strategy": "SURGE"
                  }
                ],
                "version": "1.25.8-gke.500"
              }
            ],
            "node_pool_defaults": [
              {
                "node_config_defaults": [
                  {
                    "logging_variant": "DEFAULT"
                  }
                ]
              }
            ],
            "node_version": "1.25.8-gke.500",
            "notification_config": [
              {
                "pubsub": [
                  {
                    "enabled": false,
                    "filter": [],
                    "topic": ""
                  }
                ]
              }
            ],
            "operation": null,
            "private_cluster_config": [
              {
                "enable_private_endpoint": false,
                "enable_private_nodes": false,
                "master_global_access_config": [
                  {
                    "enabled": false
                  }
                ],
                "master_ipv4_cidr_block": "",
                "peering_name": "",
                "private_endpoint": "10.128.0.2",
                "private_endpoint_subnetwork": "",
                "public_endpoint": "34.136.66.214"
              }
            ],
            "private_ipv6_google_access": "",
            "project": "durable-spot-386111",
            "release_channel": [
              {
                "channel": "REGULAR"
              }
            ],
            "remove_default_node_pool": true,
            "resource_labels": {},
            "resource_usage_export_config": [],
            "self_link": "https://container.googleapis.com/v1/projects/durable-spot-386111/zones/us-central1-c/clusters/demo",
            "service_external_ips_config": [
              {
                "enabled": false
              }
            ],
            "services_ipv4_cidr": "10.51.240.0/20",
            "subnetwork": "projects/durable-spot-386111/regions/us-central1/subnetworks/default",
            "timeouts": null,
            "tpu_ipv4_cidr_block": "",
            "vertical_pod_autoscaling": [],
            "workload_identity_config": []
          },
          "sensitive_attributes": [],
          "private": "eyJlMmJmYjczMC1lY2FhLTExZTYtOGY4OC0zNDM2M2JjN2M0YzAiOnsiY3JlYXRlIjoyNDAwMDAwMDAwMDAwLCJkZWxldGUiOjI0MDAwMDAwMDAwMDAsInJlYWQiOjI0MDAwMDAwMDAwMDAsInVwZGF0ZSI6MzYwMDAwMDAwMDAwMH0sInNjaGVtYV92ZXJzaW9uIjoiMSJ9"
        }
      ]
    }
  ],
  "check_results": null
}
