{
  "version": 4,
  "terraform_version": "1.4.6",
  "serial": 4,
  "lineage": "a2a11c7d-e066-a715-cef0-040808a0d76e",
  "outputs": {},
  "resources": [
    {
      "mode": "managed",
      "type": "google_container_cluster",
      "name": "demo",
      "provider": "provider[\"registry.terraform.io/hashicorp/google\"]",
      "instances": [
        {
          "schema_version": 1,
          "attributes": {
            "addons_config": [
              {
                "cloudrun_config": [],
                "config_connector_config": [],
                "dns_cache_config": [],
                "gce_persistent_disk_csi_driver_config": [
                  {
                    "enabled": true
                  }
                ],
                "gcp_filestore_csi_driver_config": [],
                "gke_backup_agent_config": [],
                "horizontal_pod_autoscaling": [],
                "http_load_balancing": [],
                "network_policy_config": [
                  {
                    "disabled": true
                  }
                ]
              }
            ],
            "authenticator_groups_config": [],
            "binary_authorization": [
              {
                "enabled": false,
                "evaluation_mode": ""
              }
            ],
            "cluster_autoscaling": [
              {
                "auto_provisioning_defaults": [],
                "enabled": false,
                "resource_limits": []
              }
            ],
            "cluster_ipv4_cidr": "10.92.0.0/14",
            "confidential_nodes": [],
            "cost_management_config": [],
            "database_encryption": [
              {
                "key_name": "",
                "state": "DECRYPTED"
              }
            ],
            "datapath_provider": "",
            "default_max_pods_per_node": null,
            "default_snat_status": [
              {
                "disabled": false
              }
            ],
            "description": "",
            "dns_config": [],
            "enable_autopilot": false,
            "enable_binary_authorization": false,
            "enable_intranode_visibility": false,
            "enable_kubernetes_alpha": false,
            "enable_l4_ilb_subsetting": false,
            "enable_legacy_abac": false,
            "enable_shielded_nodes": true,
            "enable_tpu": false,
            "endpoint": "34.118.46.17",
            "gateway_api_config": [],
            "id": "projects/durable-spot-386111/locations/europe-central2/clusters/demo",
            "initial_node_count": 1,
            "ip_allocation_policy": [],
            "label_fingerprint": "a9dc16a7",
            "location": "europe-central2",
            "logging_config": [
              {
                "enable_components": [
                  "SYSTEM_COMPONENTS",
                  "WORKLOADS"
                ]
              }
            ],
            "logging_service": "logging.googleapis.com/kubernetes",
            "maintenance_policy": [],
            "master_auth": [
              {
                "client_certificate": "",
                "client_certificate_config": [
                  {
                    "issue_client_certificate": false
                  }
                ],
                "client_key": "",
                "cluster_ca_certificate": "LS0tLS1CRUdJTiBDRVJUSUZJQ0FURS0tLS0tCk1JSUVMRENDQXBTZ0F3SUJBZ0lRTHdIaWhta2lMek1HQm5xQWhqdysvVEFOQmdrcWhraUc5dzBCQVFzRkFEQXYKTVMwd0t3WURWUVFERXlSbU9HSXlNRGswWkMweE1qVm1MVFF5WW1RdFlqSXdZeTB4WmpneE1qbGtZV0UzWW1RdwpJQmNOTWpNd05qQTRNRGd6T1RVNFdoZ1BNakExTXpBMU16RXdPVE01TlRoYU1DOHhMVEFyQmdOVkJBTVRKR1k0CllqSXdPVFJrTFRFeU5XWXROREppWkMxaU1qQmpMVEZtT0RFeU9XUmhZVGRpWkRDQ0FhSXdEUVlKS29aSWh2Y04KQVFFQkJRQURnZ0dQQURDQ0FZb0NnZ0dCQU9xOVRxcXkvZkhETUlNVERJeE9YVDRyaWphWG1GWGZoaTQxbE5EYwpEMlNtR1BBVVBLN1FyU1JlOGlTdHY0V0wzd1BLeFNnQy80UjFzcHYvcldaU2kxeVlmaStYYTBnV0FTNnBVYWV1CldyTGNvalhLSlZpTDBTSU9DVm85dWFNNW9WK0JuYmJXUUZiMlpqU3YybW9UZVcxTkFGVTVYbk41ZUIzTmMxVjIKUkZBTUxnOGhiSlpSWWNSTVh2TGd5OHRYYVlvT2Y4RDVibmdXOWxwTHl5QWFaZHVQdlhKNWlQYlI5QmVBTjVZMwpqTE1zY01wV1pyOStNNk11cU1xWHNNVXdaZ1krbElDcEFhbmlyUnpLblZRTXhnekRLcWJ1ZGtqek5aaUpoRUpnCkNGSjVuV1dVcDVySWxWdjRPMDJDYmdCNjU3Q2JwSVQ5V3JkVmw0VFlUbkdReUk4VmNqeFp0YnlQUVhTNHdWN24KNHJ1OFNmemVJNERobkljTGFjWWFqL29MejU5TkZ1UmVPUEpSOWV3U2E3a0xEVXdIV1MyUDZYTCtFYXczU0tqUQo4bVBKbjdtWDJwUkxad3lkclFCeGpSVDFKdjkxbDNZbHBnUWRvUElyRnl4WERza09xQVpMaEtldEZndDNseXpwCjlHdlQvUmdnQzkxTG5VMGNQbkh3R2xqQUZ3SURBUUFCbzBJd1FEQU9CZ05WSFE4QkFmOEVCQU1DQWdRd0R3WUQKVlIwVEFRSC9CQVV3QXdFQi96QWRCZ05WSFE0RUZnUVV2REpZT3RIOUxPMlhJKzBBQndKSnlRTTc3VEF3RFFZSgpLb1pJaHZjTkFRRUxCUUFEZ2dHQkFCQ2FQcVJWOUZ6ODVha0RPKy9QY25XMkxLaU56cXF3V2lJNHN1M1Y2QkV0ClpsVHcvWVVoK0ZTOFkycTQ0bWkyNU9JWlFPK1prcFZXL3JuQkZoVW12aVhwVXQ3MC9DQ1FDQkZhamtlNDNNSWUKSy9KeGRNOVo3Z0dIYklRSkoyMzArWHdQODc2alRuMTU4bjJuWnZqNklqWnhjbklOTEM5aUtiT2NIcEYyKzRregp2RWhHVlNMZFd0aytFR1l0RUIwVjVXcVBHNVBKd1BhRnZ2eW9QOXc2a3ZCNUU5Vno0UDRTeFcra1FXT01ZZXZmCnNkT3JHOGZBMjdQdk90WUJyR3ZhblBibm1jZXQyL0lUU01sRzd1RGUwSDRlZnBocVkzL3A3Z2JTY2Jhd3RLRDcKb3U3THV2aVRWWTdvZVlkRk5WdFdFWi82UllQTm4xMis3YjFJRzJSMWZtSG1UaUJiTkdkbzdjcTZqOGZrc2k3aQo3c05VbmxvcjJDcjlxanlmZDE1TkFaZ2ppdmVRTWpKVkUwWGRuZzh3dDdxTVFVb1BPTTM3ZEE4bHdSRnZkU0dzCkdRM21YS0lWdnpHUkZFa2hzWGlqZFdXQjZndWVBS1hkTFBMOFNySHNxaFNvMm9NZFdLa3c5UVZnWlVzQVR1Y2YKMnc4aFhNcXd4WWFlNXh2eWNZTW91dz09Ci0tLS0tRU5EIENFUlRJRklDQVRFLS0tLS0K"
              }
            ],
            "master_authorized_networks_config": [],
            "master_version": "1.25.8-gke.500",
            "mesh_certificates": [],
            "min_master_version": null,
            "monitoring_config": [
              {
                "enable_components": [
                  "SYSTEM_COMPONENTS"
                ],
                "managed_prometheus": []
              }
            ],
            "monitoring_service": "monitoring.googleapis.com/kubernetes",
            "name": "demo",
            "network": "projects/durable-spot-386111/global/networks/default",
            "network_policy": [
              {
                "enabled": false,
                "provider": "PROVIDER_UNSPECIFIED"
              }
            ],
            "networking_mode": "ROUTES",
            "node_config": [],
            "node_locations": [
              "europe-central2-a",
              "europe-central2-b",
              "europe-central2-c"
            ],
            "node_pool": [],
            "node_pool_defaults": [
              {
                "node_config_defaults": [
                  {
                    "logging_variant": "DEFAULT"
                  }
                ]
              }
            ],
            "node_version": "1.25.8-gke.500",
            "notification_config": [
              {
                "pubsub": [
                  {
                    "enabled": false,
                    "filter": [],
                    "topic": ""
                  }
                ]
              }
            ],
            "operation": null,
            "private_cluster_config": [
              {
                "enable_private_endpoint": false,
                "enable_private_nodes": false,
                "master_global_access_config": [
                  {
                    "enabled": false
                  }
                ],
                "master_ipv4_cidr_block": "",
                "peering_name": "",
                "private_endpoint": "10.186.0.5",
                "private_endpoint_subnetwork": "",
                "public_endpoint": "34.118.46.17"
              }
            ],
            "private_ipv6_google_access": "",
            "project": "durable-spot-386111",
            "release_channel": [
              {
                "channel": "REGULAR"
              }
            ],
            "remove_default_node_pool": true,
            "resource_labels": null,
            "resource_usage_export_config": [],
            "self_link": "https://container.googleapis.com/v1/projects/durable-spot-386111/locations/europe-central2/clusters/demo",
            "service_external_ips_config": [
              {
                "enabled": false
              }
            ],
            "services_ipv4_cidr": "10.95.240.0/20",
            "subnetwork": "projects/durable-spot-386111/regions/europe-central2/subnetworks/default",
            "timeouts": null,
            "tpu_ipv4_cidr_block": "",
            "vertical_pod_autoscaling": [],
            "workload_identity_config": []
          },
          "sensitive_attributes": [],
          "private": "eyJlMmJmYjczMC1lY2FhLTExZTYtOGY4OC0zNDM2M2JjN2M0YzAiOnsiY3JlYXRlIjoyNDAwMDAwMDAwMDAwLCJkZWxldGUiOjI0MDAwMDAwMDAwMDAsInJlYWQiOjI0MDAwMDAwMDAwMDAsInVwZGF0ZSI6MzYwMDAwMDAwMDAwMH0sInNjaGVtYV92ZXJzaW9uIjoiMSJ9"
        }
      ]
    },
    {
      "mode": "managed",
      "type": "google_container_node_pool",
      "name": "main",
      "provider": "provider[\"registry.terraform.io/hashicorp/google\"]",
      "instances": [
        {
          "status": "tainted",
          "schema_version": 1,
          "attributes": {
            "autoscaling": [],
            "cluster": "demo",
            "id": "projects/durable-spot-386111/locations/europe-central2/clusters/demo/nodePools/main",
            "initial_node_count": null,
            "instance_group_urls": null,
            "location": "europe-central2",
            "managed_instance_group_urls": null,
            "management": null,
            "max_pods_per_node": null,
            "name": "main",
            "name_prefix": null,
            "network_config": null,
            "node_config": [
              {
                "boot_disk_kms_key": "",
                "disk_size_gb": 0,
                "disk_type": "",
                "gcfs_config": [],
                "guest_accelerator": [],
                "gvnic": [],
                "image_type": "",
                "kubelet_config": [],
                "labels": {},
                "linux_node_config": [],
                "local_ssd_count": 0,
                "logging_variant": "DEFAULT",
                "machine_type": "g1-small",
                "metadata": {},
                "min_cpu_platform": "",
                "node_group": "",
                "oauth_scopes": [],
                "preemptible": false,
                "reservation_affinity": [],
                "resource_labels": null,
                "service_account": "",
                "shielded_instance_config": [],
                "spot": false,
                "tags": null,
                "taint": [],
                "workload_metadata_config": []
              }
            ],
            "node_count": 2,
            "node_locations": [],
            "operation": null,
            "placement_policy": [],
            "project": "durable-spot-386111",
            "timeouts": null,
            "upgrade_settings": null,
            "version": null
          },
          "sensitive_attributes": [],
          "private": "eyJlMmJmYjczMC1lY2FhLTExZTYtOGY4OC0zNDM2M2JjN2M0YzAiOnsiY3JlYXRlIjoxODAwMDAwMDAwMDAwLCJkZWxldGUiOjE4MDAwMDAwMDAwMDAsInVwZGF0ZSI6MTgwMDAwMDAwMDAwMH0sInNjaGVtYV92ZXJzaW9uIjoiMSJ9",
          "dependencies": [
            "google_container_cluster.demo"
          ]
        }
      ]
    }
  ],
  "check_results": null
}
